// !$*UTF8*$!
{
	archiveVersion = 1;
	classes = {
	};
	objectVersion = 46;
	objects = {

/* Begin PBXBuildFile section */
		0841BD6C1E879EB300D41A5E /* main.cpp in Sources */ = {isa = PBXBuildFile; fileRef = 0841BD6B1E879EB300D41A5E /* main.cpp */; };
		0841BD761E879ED000D41A5E /* Coordinater.cpp in Sources */ = {isa = PBXBuildFile; fileRef = 0841BD721E879ED000D41A5E /* Coordinater.cpp */; };
		0841BD771E879ED000D41A5E /* Line.cpp in Sources */ = {isa = PBXBuildFile; fileRef = 0841BD741E879ED000D41A5E /* Line.cpp */; };
/* End PBXBuildFile section */

/* Begin PBXCopyFilesBuildPhase section */
		0841BD661E879EB300D41A5E /* CopyFiles */ = {
			isa = PBXCopyFilesBuildPhase;
			buildActionMask = 2147483647;
			dstPath = /usr/share/man/man1/;
			dstSubfolderSpec = 0;
			files = (
			);
			runOnlyForDeploymentPostprocessing = 1;
		};
/* End PBXCopyFilesBuildPhase section */

/* Begin PBXFileReference section */
		0841BD681E879EB300D41A5E /* ConstDemo */ = {isa = PBXFileReference; explicitFileType = "compiled.mach-o.executable"; includeInIndex = 0; path = ConstDemo; sourceTree = BUILT_PRODUCTS_DIR; };
		0841BD6B1E879EB300D41A5E /* main.cpp */ = {isa = PBXFileReference; lastKnownFileType = sourcecode.cpp.cpp; path = main.cpp; sourceTree = "<group>"; };
		0841BD721E879ED000D41A5E /* Coordinater.cpp */ = {isa = PBXFileReference; fileEncoding = 4; lastKnownFileType = sourcecode.cpp.cpp; path = Coordinater.cpp; sourceTree = "<group>"; };
		0841BD731E879ED000D41A5E /* Coordinater.hpp */ = {isa = PBXFileReference; fileEncoding = 4; lastKnownFileType = sourcecode.cpp.h; path = Coordinater.hpp; sourceTree = "<group>"; };
		0841BD741E879ED000D41A5E /* Line.cpp */ = {isa = PBXFileReference; fileEncoding = 4; lastKnownFileType = sourcecode.cpp.cpp; path = Line.cpp; sourceTree = "<group>"; };
		0841BD751E879ED000D41A5E /* Line.hpp */ = {isa = PBXFileReference; fileEncoding = 4; lastKnownFileType = sourcecode.cpp.h; path = Line.hpp; sourceTree = "<group>"; };
/* End PBXFileReference section */

/* Begin PBXFrameworksBuildPhase section */
		0841BD651E879EB300D41A5E /* Frameworks */ = {
			isa = PBXFrameworksBuildPhase;
			buildActionMask = 2147483647;
			files = (
			);
			runOnlyForDeploymentPostprocessing = 0;
		};
/* End PBXFrameworksBuildPhase section */

/* Begin PBXGroup section */
		0841BD5F1E879EB300D41A5E = {
			isa = PBXGroup;
			children = (
				0841BD6A1E879EB300D41A5E /* ConstDemo */,
				0841BD691E879EB300D41A5E /* Products */,
			);
			sourceTree = "<group>";
		};
		0841BD691E879EB300D41A5E /* Products */ = {
			isa = PBXGroup;
			children = (
				0841BD681E879EB300D41A5E /* ConstDemo */,
			);
			name = Products;
			sourceTree = "<group>";
		};
		0841BD6A1E879EB300D41A5E /* ConstDemo */ = {
			isa = PBXGroup;
			children = (
				0841BD6B1E879EB300D41A5E /* main.cpp */,
				0841BD721E879ED000D41A5E /* Coordinater.cpp */,
				0841BD731E879ED000D41A5E /* Coordinater.hpp */,
				0841BD741E879ED000D41A5E /* Line.cpp */,
				0841BD751E879ED000D41A5E /* Line.hpp */,
			);
			path = ConstDemo;
			sourceTree = "<group>";
		};
/* End PBXGroup section */

/* Begin PBXNativeTarget section */
		0841BD671E879EB300D41A5E /* ConstDemo */ = {
			isa = PBXNativeTarget;
			buildConfigurationList = 0841BD6F1E879EB300D41A5E /* Build configuration list for PBXNativeTarget "ConstDemo" */;
			buildPhases = (
				0841BD641E879EB300D41A5E /* Sources */,
				0841BD651E879EB300D41A5E /* Frameworks */,
				0841BD661E879EB300D41A5E /* CopyFiles */,
			);
			buildRules = (
			);
			dependencies = (
			);
			name = ConstDemo;
			productName = ConstDemo;
			productReference = 0841BD681E879EB300D41A5E /* ConstDemo */;
			productType = "com.apple.product-type.tool";
		};
/* End PBXNativeTarget section */

/* Begin PBXProject section */
		0841BD601E879EB300D41A5E /* Project object */ = {
			isa = PBXProject;
			attributes = {
				LastUpgradeCheck = 0820;
				ORGANIZATIONNAME = nchkdxlq;
				TargetAttributes = {
					0841BD671E879EB300D41A5E = {
						CreatedOnToolsVersion = 8.2.1;
						DevelopmentTeam = ZKV6NUKJJK;
						ProvisioningStyle = Automatic;
					};
				};
			};
			buildConfigurationList = 0841BD631E879EB300D41A5E /* Build configuration list for PBXProject "ConstDemo" */;
			compatibilityVersion = "Xcode 3.2";
			developmentRegion = English;
			hasScannedForEncodings = 0;
			knownRegions = (
				en,
			);
			mainGroup = 0841BD5F1E879EB300D41A5E;
			productRefGroup = 0841BD691E879EB300D41A5E /* Products */;
			projectDirPath = "";
			projectRoot = "";
			targets = (
				0841BD671E879EB300D41A5E /* ConstDemo */,
			);
		};
/* End PBXProject section */

/* Begin PBXSourcesBuildPhase section */
		0841BD641E879EB300D41A5E /* Sources */ = {
			isa = PBXSourcesBuildPhase;
			buildActionMask = 2147483647;
			files = (
				0841BD771E879ED000D41A5E /* Line.cpp in Sources */,
				0841BD761E879ED000D41A5E /* Coordinater.cpp in Sources */,
				0841BD6C1E879EB300D41A5E /* main.cpp in Sources */,
			);
			runOnlyForDeploymentPostprocessing = 0;
		};
/* End PBXSourcesBuildPhase section */

/* Begin XCBuildConfiguration section */
		0841BD6D1E879EB300D41A5E /* Debug */ = {
			isa = XCBuildConfiguration;
			buildSettings = {
				ALWAYS_SEARCH_USER_PATHS = NO;
				CLANG_ANALYZER_NONNULL = YES;
				CLANG_CXX_LANGUAGE_STANDARD = "gnu++0x";
				CLANG_CXX_LIBRARY = "libc++";
				CLANG_ENABLE_MODULES = YES;
				CLANG_ENABLE_OBJC_ARC = YES;
				CLANG_WARN_BOOL_CONVERSION = YES;
				CLANG_WARN_CONSTANT_CONVERSION = YES;
				CLANG_WARN_DIRECT_OBJC_ISA_USAGE = YES_ERROR;
				CLANG_WARN_DOCUMENTATION_COMMENTS = YES;
				CLANG_WARN_EMPTY_BODY = YES;
				CLANG_WARN_ENUM_CONVERSION = YES;
				CLANG_WARN_INFINITE_RECURSION = YES;
				CLANG_WARN_INT_CONVERSION = YES;
				CLANG_WARN_OBJC_ROOT_CLASS = YES_ERROR;
				CLANG_WARN_SUSPICIOUS_MOVE = YES;
				CLANG_WARN_UNREACHABLE_CODE = YES;
				CLANG_WARN__DUPLICATE_METHOD_MATCH = YES;
				CODE_SIGN_IDENTITY = "-";
				COPY_PHASE_STRIP = NO;
				DEBUG_INFORMATION_FORMAT = dwarf;
				ENABLE_STRICT_OBJC_MSGSEND = YES;
				ENABLE_TESTABILITY = YES;
				GCC_C_LANGUAGE_STANDARD = gnu99;
				GCC_DYNAMIC_NO_PIC = NO;
				GCC_NO_COMMON_BLOCKS = YES;
				GCC_OPTIMIZATION_LEVEL = 0;
				GCC_PREPROCESSOR_DEFINITIONS = (
					"DEBUG=1",
					"$(inherited)",
				);
				GCC_WARN_64_TO_32_BIT_CONVERSION = YES;
				GCC_WARN_ABOUT_RETURN_TYPE = YES_ERROR;
				GCC_WARN_UNDECLARED_SELECTOR = YES;
				GCC_WARN_UNINITIALIZED_AUTOS = YES_AGGRESSIVE;
				GCC_WARN_UNUSED_FUNCTION = YES;
				GCC_WARN_UNUSED_VARIABLE = YES;
				MACOSX_DEPLOYMENT_TARGET = 10.12;
				MTL_ENABLE_DEBUG_INFO = YES;
				ONLY_ACTIVE_ARCH = YES;
				SDKROOT = macosx;
			};
			name = Debug;
		};
		0841BD6E1E879EB300D41A5E /* Release */ = {
			isa = XCBuildConfiguration;
			buildSettings = {
				ALWAYS_SEARCH_USER_PATHS = NO;
				CLANG_ANALYZER_NONNULL = YES;
				CLANG_CXX_LANGUAGE_STANDARD = "gnu++0x";
				CLANG_CXX_LIBRARY = "libc++";
				CLANG_ENABLE_MODULES = YES;
				CLANG_ENABLE_OBJC_ARC = YES;
				CLANG_WARN_BOOL_CONVERSION = YES;
				CLANG_WARN_CONSTANT_CONVERSION = YES;
				CLANG_WARN_DIRECT_OBJC_ISA_USAGE = YES_ERROR;
				CLANG_WARN_DOCUMENTATION_COMMENTS = YES;
				CLANG_WARN_EMPTY_BODY = YES;
				CLANG_WARN_ENUM_CONVERSION = YES;
				CLANG_WARN_INFINITE_RECURSION = YES;
				CLANG_WARN_INT_CONVERSION = YES;
				CLANG_WARN_OBJC_ROOT_CLASS = YES_ERROR;
				CLANG_WARN_SUSPICIOUS_MOVE = YES;
				CLANG_WARN_UNREACHABLE_CODE = YES;
				CLANG_WARN__DUPLICATE_METHOD_MATCH = YES;
				CODE_SIGN_IDENTITY = "-";
				COPY_PHASE_STRIP = NO;
				DEBUG_INFORMATION_FORMAT = "dwarf-with-dsym";
				ENABLE_NS_ASSERTIONS = NO;
				ENABLE_STRICT_OBJC_MSGSEND = YES;
				GCC_C_LANGUAGE_STANDARD = gnu99;
				GCC_NO_COMMON_BLOCKS = YES;
				GCC_WARN_64_TO_32_BIT_CONVERSION = YES;
				GCC_WARN_ABOUT_RETURN_TYPE = YES_ERROR;
				GCC_WARN_UNDECLARED_SELECTOR = YES;
				GCC_WARN_UNINITIALIZED_AUTOS = YES_AGGRESSIVE;
				GCC_WARN_UNUSED_FUNCTION = YES;
				GCC_WARN_UNUSED_VARIABLE = YES;
				MACOSX_DEPLOYMENT_TARGET = 10.12;
				MTL_ENABLE_DEBUG_INFO = NO;
				SDKROOT = macosx;
			};
			name = Release;
		};
		0841BD701E879EB300D41A5E /* Debug */ = {
			isa = XCBuildConfiguration;
			buildSettings = {
				DEVELOPMENT_TEAM = ZKV6NUKJJK;
				PRODUCT_NAME = "$(TARGET_NAME)";
			};
			name = Debug;
		};
		0841BD711E879EB300D41A5E /* Release */ = {
			isa = XCBuildConfiguration;
			buildSettings = {
				DEVELOPMENT_TEAM = ZKV6NUKJJK;
				PRODUCT_NAME = "$(TARGET_NAME)";
			};
			name = Release;
		};
/* End XCBuildConfiguration section */

/* Begin XCConfigurationList section */
		0841BD631E879EB300D41A5E /* Build configuration list for PBXProject "ConstDemo" */ = {
			isa = XCConfigurationList;
			buildConfigurations = (
				0841BD6D1E879EB300D41A5E /* Debug */,
				0841BD6E1E879EB300D41A5E /* Release */,
			);
			defaultConfigurationIsVisible = 0;
			defaultConfigurationName = Release;
		};
		0841BD6F1E879EB300D41A5E /* Build configuration list for PBXNativeTarget "ConstDemo" */ = {
			isa = XCConfigurationList;
			buildConfigurations = (
				0841BD701E879EB300D41A5E /* Debug */,
				0841BD711E879EB300D41A5E /* Release */,
			);
			defaultConfigurationIsVisible = 0;
		};
/* End XCConfigurationList section */
	};
	rootObject = 0841BD601E879EB300D41A5E /* Project object */;
}
