// !$*UTF8*$!
{
	archiveVersion = 1;
	classes = {
	};
	objectVersion = 46;
	objects = {

/* Begin PBXBuildFile section */
		08F69CC21E8572D2001B11C6 /* main.cpp in Sources */ = {isa = PBXBuildFile; fileRef = 08F69CC11E8572D2001B11C6 /* main.cpp */; };
		08F69CCA1E8572ED001B11C6 /* Coordinater.cpp in Sources */ = {isa = PBXBuildFile; fileRef = 08F69CC81E8572ED001B11C6 /* Coordinater.cpp */; };
		08F69CCD1E8572F7001B11C6 /* Line.cpp in Sources */ = {isa = PBXBuildFile; fileRef = 08F69CCB1E8572F7001B11C6 /* Line.cpp */; };
/* End PBXBuildFile section */

/* Begin PBXCopyFilesBuildPhase section */
		08F69CBC1E8572D2001B11C6 /* CopyFiles */ = {
			isa = PBXCopyFilesBuildPhase;
			buildActionMask = 2147483647;
			dstPath = /usr/share/man/man1/;
			dstSubfolderSpec = 0;
			files = (
			);
			runOnlyForDeploymentPostprocessing = 1;
		};
/* End PBXCopyFilesBuildPhase section */

/* Begin PBXFileReference section */
		08F69CBE1E8572D2001B11C6 /* ObjectMember */ = {isa = PBXFileReference; explicitFileType = "compiled.mach-o.executable"; includeInIndex = 0; path = ObjectMember; sourceTree = BUILT_PRODUCTS_DIR; };
		08F69CC11E8572D2001B11C6 /* main.cpp */ = {isa = PBXFileReference; lastKnownFileType = sourcecode.cpp.cpp; path = main.cpp; sourceTree = "<group>"; };
		08F69CC81E8572ED001B11C6 /* Coordinater.cpp */ = {isa = PBXFileReference; fileEncoding = 4; lastKnownFileType = sourcecode.cpp.cpp; path = Coordinater.cpp; sourceTree = "<group>"; };
		08F69CC91E8572ED001B11C6 /* Coordinater.hpp */ = {isa = PBXFileReference; fileEncoding = 4; lastKnownFileType = sourcecode.cpp.h; path = Coordinater.hpp; sourceTree = "<group>"; };
		08F69CCB1E8572F7001B11C6 /* Line.cpp */ = {isa = PBXFileReference; fileEncoding = 4; lastKnownFileType = sourcecode.cpp.cpp; path = Line.cpp; sourceTree = "<group>"; };
		08F69CCC1E8572F7001B11C6 /* Line.hpp */ = {isa = PBXFileReference; fileEncoding = 4; lastKnownFileType = sourcecode.cpp.h; path = Line.hpp; sourceTree = "<group>"; };
/* End PBXFileReference section */

/* Begin PBXFrameworksBuildPhase section */
		08F69CBB1E8572D2001B11C6 /* Frameworks */ = {
			isa = PBXFrameworksBuildPhase;
			buildActionMask = 2147483647;
			files = (
			);
			runOnlyForDeploymentPostprocessing = 0;
		};
/* End PBXFrameworksBuildPhase section */

/* Begin PBXGroup section */
		08F69CB51E8572D2001B11C6 = {
			isa = PBXGroup;
			children = (
				08F69CC01E8572D2001B11C6 /* ObjectMember */,
				08F69CBF1E8572D2001B11C6 /* Products */,
			);
			sourceTree = "<group>";
		};
		08F69CBF1E8572D2001B11C6 /* Products */ = {
			isa = PBXGroup;
			children = (
				08F69CBE1E8572D2001B11C6 /* ObjectMember */,
			);
			name = Products;
			sourceTree = "<group>";
		};
		08F69CC01E8572D2001B11C6 /* ObjectMember */ = {
			isa = PBXGroup;
			children = (
				08F69CC11E8572D2001B11C6 /* main.cpp */,
				08F69CC81E8572ED001B11C6 /* Coordinater.cpp */,
				08F69CC91E8572ED001B11C6 /* Coordinater.hpp */,
				08F69CCB1E8572F7001B11C6 /* Line.cpp */,
				08F69CCC1E8572F7001B11C6 /* Line.hpp */,
			);
			path = ObjectMember;
			sourceTree = "<group>";
		};
/* End PBXGroup section */

/* Begin PBXNativeTarget section */
		08F69CBD1E8572D2001B11C6 /* ObjectMember */ = {
			isa = PBXNativeTarget;
			buildConfigurationList = 08F69CC51E8572D2001B11C6 /* Build configuration list for PBXNativeTarget "ObjectMember" */;
			buildPhases = (
				08F69CBA1E8572D2001B11C6 /* Sources */,
				08F69CBB1E8572D2001B11C6 /* Frameworks */,
				08F69CBC1E8572D2001B11C6 /* CopyFiles */,
			);
			buildRules = (
			);
			dependencies = (
			);
			name = ObjectMember;
			productName = ObjectMember;
			productReference = 08F69CBE1E8572D2001B11C6 /* ObjectMember */;
			productType = "com.apple.product-type.tool";
		};
/* End PBXNativeTarget section */

/* Begin PBXProject section */
		08F69CB61E8572D2001B11C6 /* Project object */ = {
			isa = PBXProject;
			attributes = {
				LastUpgradeCheck = 0820;
				ORGANIZATIONNAME = nchkdxlq;
				TargetAttributes = {
					08F69CBD1E8572D2001B11C6 = {
						CreatedOnToolsVersion = 8.2.1;
						DevelopmentTeam = ZKV6NUKJJK;
						ProvisioningStyle = Automatic;
					};
				};
			};
			buildConfigurationList = 08F69CB91E8572D2001B11C6 /* Build configuration list for PBXProject "ObjectMember" */;
			compatibilityVersion = "Xcode 3.2";
			developmentRegion = English;
			hasScannedForEncodings = 0;
			knownRegions = (
				en,
			);
			mainGroup = 08F69CB51E8572D2001B11C6;
			productRefGroup = 08F69CBF1E8572D2001B11C6 /* Products */;
			projectDirPath = "";
			projectRoot = "";
			targets = (
				08F69CBD1E8572D2001B11C6 /* ObjectMember */,
			);
		};
/* End PBXProject section */

/* Begin PBXSourcesBuildPhase section */
		08F69CBA1E8572D2001B11C6 /* Sources */ = {
			isa = PBXSourcesBuildPhase;
			buildActionMask = 2147483647;
			files = (
				08F69CCD1E8572F7001B11C6 /* Line.cpp in Sources */,
				08F69CCA1E8572ED001B11C6 /* Coordinater.cpp in Sources */,
				08F69CC21E8572D2001B11C6 /* main.cpp in Sources */,
			);
			runOnlyForDeploymentPostprocessing = 0;
		};
/* End PBXSourcesBuildPhase section */

/* Begin XCBuildConfiguration section */
		08F69CC31E8572D2001B11C6 /* Debug */ = {
			isa = XCBuildConfiguration;
			buildSettings = {
				ALWAYS_SEARCH_USER_PATHS = NO;
				CLANG_ANALYZER_NONNULL = YES;
				CLANG_CXX_LANGUAGE_STANDARD = "gnu++0x";
				CLANG_CXX_LIBRARY = "libc++";
				CLANG_ENABLE_MODULES = YES;
				CLANG_ENABLE_OBJC_ARC = YES;
				CLANG_WARN_BOOL_CONVERSION = YES;
				CLANG_WARN_CONSTANT_CONVERSION = YES;
				CLANG_WARN_DIRECT_OBJC_ISA_USAGE = YES_ERROR;
				CLANG_WARN_DOCUMENTATION_COMMENTS = YES;
				CLANG_WARN_EMPTY_BODY = YES;
				CLANG_WARN_ENUM_CONVERSION = YES;
				CLANG_WARN_INFINITE_RECURSION = YES;
				CLANG_WARN_INT_CONVERSION = YES;
				CLANG_WARN_OBJC_ROOT_CLASS = YES_ERROR;
				CLANG_WARN_SUSPICIOUS_MOVE = YES;
				CLANG_WARN_UNREACHABLE_CODE = YES;
				CLANG_WARN__DUPLICATE_METHOD_MATCH = YES;
				CODE_SIGN_IDENTITY = "-";
				COPY_PHASE_STRIP = NO;
				DEBUG_INFORMATION_FORMAT = dwarf;
				ENABLE_STRICT_OBJC_MSGSEND = YES;
				ENABLE_TESTABILITY = YES;
				GCC_C_LANGUAGE_STANDARD = gnu99;
				GCC_DYNAMIC_NO_PIC = NO;
				GCC_NO_COMMON_BLOCKS = YES;
				GCC_OPTIMIZATION_LEVEL = 0;
				GCC_PREPROCESSOR_DEFINITIONS = (
					"DEBUG=1",
					"$(inherited)",
				);
				GCC_WARN_64_TO_32_BIT_CONVERSION = YES;
				GCC_WARN_ABOUT_RETURN_TYPE = YES_ERROR;
				GCC_WARN_UNDECLARED_SELECTOR = YES;
				GCC_WARN_UNINITIALIZED_AUTOS = YES_AGGRESSIVE;
				GCC_WARN_UNUSED_FUNCTION = YES;
				GCC_WARN_UNUSED_VARIABLE = YES;
				MACOSX_DEPLOYMENT_TARGET = 10.12;
				MTL_ENABLE_DEBUG_INFO = YES;
				ONLY_ACTIVE_ARCH = YES;
				SDKROOT = macosx;
			};
			name = Debug;
		};
		08F69CC41E8572D2001B11C6 /* Release */ = {
			isa = XCBuildConfiguration;
			buildSettings = {
				ALWAYS_SEARCH_USER_PATHS = NO;
				CLANG_ANALYZER_NONNULL = YES;
				CLANG_CXX_LANGUAGE_STANDARD = "gnu++0x";
				CLANG_CXX_LIBRARY = "libc++";
				CLANG_ENABLE_MODULES = YES;
				CLANG_ENABLE_OBJC_ARC = YES;
				CLANG_WARN_BOOL_CONVERSION = YES;
				CLANG_WARN_CONSTANT_CONVERSION = YES;
				CLANG_WARN_DIRECT_OBJC_ISA_USAGE = YES_ERROR;
				CLANG_WARN_DOCUMENTATION_COMMENTS = YES;
				CLANG_WARN_EMPTY_BODY = YES;
				CLANG_WARN_ENUM_CONVERSION = YES;
				CLANG_WARN_INFINITE_RECURSION = YES;
				CLANG_WARN_INT_CONVERSION = YES;
				CLANG_WARN_OBJC_ROOT_CLASS = YES_ERROR;
				CLANG_WARN_SUSPICIOUS_MOVE = YES;
				CLANG_WARN_UNREACHABLE_CODE = YES;
				CLANG_WARN__DUPLICATE_METHOD_MATCH = YES;
				CODE_SIGN_IDENTITY = "-";
				COPY_PHASE_STRIP = NO;
				DEBUG_INFORMATION_FORMAT = "dwarf-with-dsym";
				ENABLE_NS_ASSERTIONS = NO;
				ENABLE_STRICT_OBJC_MSGSEND = YES;
				GCC_C_LANGUAGE_STANDARD = gnu99;
				GCC_NO_COMMON_BLOCKS = YES;
				GCC_WARN_64_TO_32_BIT_CONVERSION = YES;
				GCC_WARN_ABOUT_RETURN_TYPE = YES_ERROR;
				GCC_WARN_UNDECLARED_SELECTOR = YES;
				GCC_WARN_UNINITIALIZED_AUTOS = YES_AGGRESSIVE;
				GCC_WARN_UNUSED_FUNCTION = YES;
				GCC_WARN_UNUSED_VARIABLE = YES;
				MACOSX_DEPLOYMENT_TARGET = 10.12;
				MTL_ENABLE_DEBUG_INFO = NO;
				SDKROOT = macosx;
			};
			name = Release;
		};
		08F69CC61E8572D2001B11C6 /* Debug */ = {
			isa = XCBuildConfiguration;
			buildSettings = {
				DEVELOPMENT_TEAM = ZKV6NUKJJK;
				PRODUCT_NAME = "$(TARGET_NAME)";
			};
			name = Debug;
		};
		08F69CC71E8572D2001B11C6 /* Release */ = {
			isa = XCBuildConfiguration;
			buildSettings = {
				DEVELOPMENT_TEAM = ZKV6NUKJJK;
				PRODUCT_NAME = "$(TARGET_NAME)";
			};
			name = Release;
		};
/* End XCBuildConfiguration section */

/* Begin XCConfigurationList section */
		08F69CB91E8572D2001B11C6 /* Build configuration list for PBXProject "ObjectMember" */ = {
			isa = XCConfigurationList;
			buildConfigurations = (
				08F69CC31E8572D2001B11C6 /* Debug */,
				08F69CC41E8572D2001B11C6 /* Release */,
			);
			defaultConfigurationIsVisible = 0;
			defaultConfigurationName = Release;
		};
		08F69CC51E8572D2001B11C6 /* Build configuration list for PBXNativeTarget "ObjectMember" */ = {
			isa = XCConfigurationList;
			buildConfigurations = (
				08F69CC61E8572D2001B11C6 /* Debug */,
				08F69CC71E8572D2001B11C6 /* Release */,
			);
			defaultConfigurationIsVisible = 0;
		};
/* End XCConfigurationList section */
	};
	rootObject = 08F69CB61E8572D2001B11C6 /* Project object */;
}
